// !$*UTF8*$!
{
	archiveVersion = 1;
	classes = {
	};
	objectVersion = 46;
	objects = {

/* Begin PBXBuildFile section */
		F57C3DBD1E51A8F500A8480C /* main.m in Sources */ = {isa = PBXBuildFile; fileRef = F57C3DBC1E51A8F500A8480C /* main.m */; };
		F57C3DC01E51A8F500A8480C /* AppDelegate.m in Sources */ = {isa = PBXBuildFile; fileRef = F57C3DBF1E51A8F500A8480C /* AppDelegate.m */; };
		F57C3DC31E51A8F500A8480C /* ViewController.m in Sources */ = {isa = PBXBuildFile; fileRef = F57C3DC21E51A8F500A8480C /* ViewController.m */; };
		F57C3DC61E51A8F500A8480C /* Main.storyboard in Resources */ = {isa = PBXBuildFile; fileRef = F57C3DC41E51A8F500A8480C /* Main.storyboard */; };
		F57C3DC81E51A8F500A8480C /* Assets.xcassets in Resources */ = {isa = PBXBuildFile; fileRef = F57C3DC71E51A8F500A8480C /* Assets.xcassets */; };
		F57C3DCB1E51A8F500A8480C /* LaunchScreen.storyboard in Resources */ = {isa = PBXBuildFile; fileRef = F57C3DC91E51A8F500A8480C /* LaunchScreen.storyboard */; };
		F57C3DD61E51A8F500A8480C /* PRHomeModuleTests.m in Sources */ = {isa = PBXBuildFile; fileRef = F57C3DD51E51A8F500A8480C /* PRHomeModuleTests.m */; };
		F57C3DE11E51A8F500A8480C /* PRHomeModuleUITests.m in Sources */ = {isa = PBXBuildFile; fileRef = F57C3DE01E51A8F500A8480C /* PRHomeModuleUITests.m */; };
		F57C3DF11E52F0DB00A8480C /* PRHomeViewController.m in Sources */ = {isa = PBXBuildFile; fileRef = F57C3DF01E52F0DB00A8480C /* PRHomeViewController.m */; };
/* End PBXBuildFile section */

/* Begin PBXContainerItemProxy section */
		F57C3DD21E51A8F500A8480C /* PBXContainerItemProxy */ = {
			isa = PBXContainerItemProxy;
			containerPortal = F57C3DB01E51A8F500A8480C /* Project object */;
			proxyType = 1;
			remoteGlobalIDString = F57C3DB71E51A8F500A8480C;
			remoteInfo = PRHomeModule;
		};
		F57C3DDD1E51A8F500A8480C /* PBXContainerItemProxy */ = {
			isa = PBXContainerItemProxy;
			containerPortal = F57C3DB01E51A8F500A8480C /* Project object */;
			proxyType = 1;
			remoteGlobalIDString = F57C3DB71E51A8F500A8480C;
			remoteInfo = PRHomeModule;
		};
/* End PBXContainerItemProxy section */

/* Begin PBXFileReference section */
		F57C3DB81E51A8F500A8480C /* PRHomeModule.app */ = {isa = PBXFileReference; explicitFileType = wrapper.application; includeInIndex = 0; path = PRHomeModule.app; sourceTree = BUILT_PRODUCTS_DIR; };
		F57C3DBC1E51A8F500A8480C /* main.m */ = {isa = PBXFileReference; lastKnownFileType = sourcecode.c.objc; path = main.m; sourceTree = "<group>"; };
		F57C3DBE1E51A8F500A8480C /* AppDelegate.h */ = {isa = PBXFileReference; lastKnownFileType = sourcecode.c.h; path = AppDelegate.h; sourceTree = "<group>"; };
		F57C3DBF1E51A8F500A8480C /* AppDelegate.m */ = {isa = PBXFileReference; lastKnownFileType = sourcecode.c.objc; path = AppDelegate.m; sourceTree = "<group>"; };
		F57C3DC11E51A8F500A8480C /* ViewController.h */ = {isa = PBXFileReference; lastKnownFileType = sourcecode.c.h; path = ViewController.h; sourceTree = "<group>"; };
		F57C3DC21E51A8F500A8480C /* ViewController.m */ = {isa = PBXFileReference; lastKnownFileType = sourcecode.c.objc; path = ViewController.m; sourceTree = "<group>"; };
		F57C3DC51E51A8F500A8480C /* Base */ = {isa = PBXFileReference; lastKnownFileType = file.storyboard; name = Base; path = Base.lproj/Main.storyboard; sourceTree = "<group>"; };
		F57C3DC71E51A8F500A8480C /* Assets.xcassets */ = {isa = PBXFileReference; lastKnownFileType = folder.assetcatalog; path = Assets.xcassets; sourceTree = "<group>"; };
		F57C3DCA1E51A8F500A8480C /* Base */ = {isa = PBXFileReference; lastKnownFileType = file.storyboard; name = Base; path = Base.lproj/LaunchScreen.storyboard; sourceTree = "<group>"; };
		F57C3DCC1E51A8F500A8480C /* Info.plist */ = {isa = PBXFileReference; lastKnownFileType = text.plist.xml; path = Info.plist; sourceTree = "<group>"; };
		F57C3DD11E51A8F500A8480C /* PRHomeModuleTests.xctest */ = {isa = PBXFileReference; explicitFileType = wrapper.cfbundle; includeInIndex = 0; path = PRHomeModuleTests.xctest; sourceTree = BUILT_PRODUCTS_DIR; };
		F57C3DD51E51A8F500A8480C /* PRHomeModuleTests.m */ = {isa = PBXFileReference; lastKnownFileType = sourcecode.c.objc; path = PRHomeModuleTests.m; sourceTree = "<group>"; };
		F57C3DD71E51A8F500A8480C /* Info.plist */ = {isa = PBXFileReference; lastKnownFileType = text.plist.xml; path = Info.plist; sourceTree = "<group>"; };
		F57C3DDC1E51A8F500A8480C /* PRHomeModuleUITests.xctest */ = {isa = PBXFileReference; explicitFileType = wrapper.cfbundle; includeInIndex = 0; path = PRHomeModuleUITests.xctest; sourceTree = BUILT_PRODUCTS_DIR; };
		F57C3DE01E51A8F500A8480C /* PRHomeModuleUITests.m */ = {isa = PBXFileReference; lastKnownFileType = sourcecode.c.objc; path = PRHomeModuleUITests.m; sourceTree = "<group>"; };
		F57C3DE21E51A8F500A8480C /* Info.plist */ = {isa = PBXFileReference; lastKnownFileType = text.plist.xml; path = Info.plist; sourceTree = "<group>"; };
		F57C3DEF1E52F0DB00A8480C /* PRHomeViewController.h */ = {isa = PBXFileReference; fileEncoding = 4; lastKnownFileType = sourcecode.c.h; path = PRHomeViewController.h; sourceTree = "<group>"; };
		F57C3DF01E52F0DB00A8480C /* PRHomeViewController.m */ = {isa = PBXFileReference; fileEncoding = 4; lastKnownFileType = sourcecode.c.objc; path = PRHomeViewController.m; sourceTree = "<group>"; };
/* End PBXFileReference section */

/* Begin PBXFrameworksBuildPhase section */
		F57C3DB51E51A8F500A8480C /* Frameworks */ = {
			isa = PBXFrameworksBuildPhase;
			buildActionMask = 2147483647;
			files = (
			);
			runOnlyForDeploymentPostprocessing = 0;
		};
		F57C3DCE1E51A8F500A8480C /* Frameworks */ = {
			isa = PBXFrameworksBuildPhase;
			buildActionMask = 2147483647;
			files = (
			);
			runOnlyForDeploymentPostprocessing = 0;
		};
		F57C3DD91E51A8F500A8480C /* Frameworks */ = {
			isa = PBXFrameworksBuildPhase;
			buildActionMask = 2147483647;
			files = (
			);
			runOnlyForDeploymentPostprocessing = 0;
		};
/* End PBXFrameworksBuildPhase section */

/* Begin PBXGroup section */
		F57C3DAF1E51A8F500A8480C = {
			isa = PBXGroup;
			children = (
				F57C3DBA1E51A8F500A8480C /* PRHomeModule */,
				F57C3DD41E51A8F500A8480C /* PRHomeModuleTests */,
				F57C3DDF1E51A8F500A8480C /* PRHomeModuleUITests */,
				F57C3DB91E51A8F500A8480C /* Products */,
			);
			sourceTree = "<group>";
		};
		F57C3DB91E51A8F500A8480C /* Products */ = {
			isa = PBXGroup;
			children = (
				F57C3DB81E51A8F500A8480C /* PRHomeModule.app */,
				F57C3DD11E51A8F500A8480C /* PRHomeModuleTests.xctest */,
				F57C3DDC1E51A8F500A8480C /* PRHomeModuleUITests.xctest */,
			);
			name = Products;
			sourceTree = "<group>";
		};
		F57C3DBA1E51A8F500A8480C /* PRHomeModule */ = {
			isa = PBXGroup;
			children = (
				F57C3DEE1E52F0A900A8480C /* PRHomeModule */,
				F57C3DBE1E51A8F500A8480C /* AppDelegate.h */,
				F57C3DBF1E51A8F500A8480C /* AppDelegate.m */,
				F57C3DC11E51A8F500A8480C /* ViewController.h */,
				F57C3DC21E51A8F500A8480C /* ViewController.m */,
				F57C3DC41E51A8F500A8480C /* Main.storyboard */,
				F57C3DC71E51A8F500A8480C /* Assets.xcassets */,
				F57C3DC91E51A8F500A8480C /* LaunchScreen.storyboard */,
				F57C3DCC1E51A8F500A8480C /* Info.plist */,
				F57C3DBB1E51A8F500A8480C /* Supporting Files */,
			);
			path = PRHomeModule;
			sourceTree = "<group>";
		};
		F57C3DBB1E51A8F500A8480C /* Supporting Files */ = {
			isa = PBXGroup;
			children = (
				F57C3DBC1E51A8F500A8480C /* main.m */,
			);
			name = "Supporting Files";
			sourceTree = "<group>";
		};
		F57C3DD41E51A8F500A8480C /* PRHomeModuleTests */ = {
			isa = PBXGroup;
			children = (
				F57C3DD51E51A8F500A8480C /* PRHomeModuleTests.m */,
				F57C3DD71E51A8F500A8480C /* Info.plist */,
			);
			path = PRHomeModuleTests;
			sourceTree = "<group>";
		};
		F57C3DDF1E51A8F500A8480C /* PRHomeModuleUITests */ = {
			isa = PBXGroup;
			children = (
				F57C3DE01E51A8F500A8480C /* PRHomeModuleUITests.m */,
				F57C3DE21E51A8F500A8480C /* Info.plist */,
			);
			path = PRHomeModuleUITests;
			sourceTree = "<group>";
		};
		F57C3DEE1E52F0A900A8480C /* PRHomeModule */ = {
			isa = PBXGroup;
			children = (
				F57C3DEF1E52F0DB00A8480C /* PRHomeViewController.h */,
				F57C3DF01E52F0DB00A8480C /* PRHomeViewController.m */,
			);
			path = PRHomeModule;
			sourceTree = "<group>";
		};
/* End PBXGroup section */

/* Begin PBXNativeTarget section */
		F57C3DB71E51A8F500A8480C /* PRHomeModule */ = {
			isa = PBXNativeTarget;
			buildConfigurationList = F57C3DE51E51A8F500A8480C /* Build configuration list for PBXNativeTarget "PRHomeModule" */;
			buildPhases = (
				F57C3DB41E51A8F500A8480C /* Sources */,
				F57C3DB51E51A8F500A8480C /* Frameworks */,
				F57C3DB61E51A8F500A8480C /* Resources */,
			);
			buildRules = (
			);
			dependencies = (
			);
			name = PRHomeModule;
			productName = PRHomeModule;
			productReference = F57C3DB81E51A8F500A8480C /* PRHomeModule.app */;
			productType = "com.apple.product-type.application";
		};
		F57C3DD01E51A8F500A8480C /* PRHomeModuleTests */ = {
			isa = PBXNativeTarget;
			buildConfigurationList = F57C3DE81E51A8F500A8480C /* Build configuration list for PBXNativeTarget "PRHomeModuleTests" */;
			buildPhases = (
				F57C3DCD1E51A8F500A8480C /* Sources */,
				F57C3DCE1E51A8F500A8480C /* Frameworks */,
				F57C3DCF1E51A8F500A8480C /* Resources */,
			);
			buildRules = (
			);
			dependencies = (
				F57C3DD31E51A8F500A8480C /* PBXTargetDependency */,
			);
			name = PRHomeModuleTests;
			productName = PRHomeModuleTests;
			productReference = F57C3DD11E51A8F500A8480C /* PRHomeModuleTests.xctest */;
			productType = "com.apple.product-type.bundle.unit-test";
		};
		F57C3DDB1E51A8F500A8480C /* PRHomeModuleUITests */ = {
			isa = PBXNativeTarget;
			buildConfigurationList = F57C3DEB1E51A8F500A8480C /* Build configuration list for PBXNativeTarget "PRHomeModuleUITests" */;
			buildPhases = (
				F57C3DD81E51A8F500A8480C /* Sources */,
				F57C3DD91E51A8F500A8480C /* Frameworks */,
				F57C3DDA1E51A8F500A8480C /* Resources */,
			);
			buildRules = (
			);
			dependencies = (
				F57C3DDE1E51A8F500A8480C /* PBXTargetDependency */,
			);
			name = PRHomeModuleUITests;
			productName = PRHomeModuleUITests;
			productReference = F57C3DDC1E51A8F500A8480C /* PRHomeModuleUITests.xctest */;
			productType = "com.apple.product-type.bundle.ui-testing";
		};
/* End PBXNativeTarget section */

/* Begin PBXProject section */
		F57C3DB01E51A8F500A8480C /* Project object */ = {
			isa = PBXProject;
			attributes = {
				LastUpgradeCheck = 0810;
				ORGANIZATIONNAME = Junne;
				TargetAttributes = {
					F57C3DB71E51A8F500A8480C = {
						CreatedOnToolsVersion = 8.1;
						DevelopmentTeam = 4LPHNA9H37;
						ProvisioningStyle = Automatic;
					};
					F57C3DD01E51A8F500A8480C = {
						CreatedOnToolsVersion = 8.1;
						DevelopmentTeam = 4LPHNA9H37;
						ProvisioningStyle = Automatic;
						TestTargetID = F57C3DB71E51A8F500A8480C;
					};
					F57C3DDB1E51A8F500A8480C = {
						CreatedOnToolsVersion = 8.1;
						DevelopmentTeam = 4LPHNA9H37;
						ProvisioningStyle = Automatic;
						TestTargetID = F57C3DB71E51A8F500A8480C;
					};
				};
			};
			buildConfigurationList = F57C3DB31E51A8F500A8480C /* Build configuration list for PBXProject "PRHomeModule" */;
			compatibilityVersion = "Xcode 3.2";
			developmentRegion = English;
			hasScannedForEncodings = 0;
			knownRegions = (
				en,
				Base,
			);
			mainGroup = F57C3DAF1E51A8F500A8480C;
			productRefGroup = F57C3DB91E51A8F500A8480C /* Products */;
			projectDirPath = "";
			projectRoot = "";
			targets = (
				F57C3DB71E51A8F500A8480C /* PRHomeModule */,
				F57C3DD01E51A8F500A8480C /* PRHomeModuleTests */,
				F57C3DDB1E51A8F500A8480C /* PRHomeModuleUITests */,
			);
		};
/* End PBXProject section */

/* Begin PBXResourcesBuildPhase section */
		F57C3DB61E51A8F500A8480C /* Resources */ = {
			isa = PBXResourcesBuildPhase;
			buildActionMask = 2147483647;
			files = (
				F57C3DCB1E51A8F500A8480C /* LaunchScreen.storyboard in Resources */,
				F57C3DC81E51A8F500A8480C /* Assets.xcassets in Resources */,
				F57C3DC61E51A8F500A8480C /* Main.storyboard in Resources */,
			);
			runOnlyForDeploymentPostprocessing = 0;
		};
		F57C3DCF1E51A8F500A8480C /* Resources */ = {
			isa = PBXResourcesBuildPhase;
			buildActionMask = 2147483647;
			files = (
			);
			runOnlyForDeploymentPostprocessing = 0;
		};
		F57C3DDA1E51A8F500A8480C /* Resources */ = {
			isa = PBXResourcesBuildPhase;
			buildActionMask = 2147483647;
			files = (
			);
			runOnlyForDeploymentPostprocessing = 0;
		};
/* End PBXResourcesBuildPhase section */

/* Begin PBXSourcesBuildPhase section */
		F57C3DB41E51A8F500A8480C /* Sources */ = {
			isa = PBXSourcesBuildPhase;
			buildActionMask = 2147483647;
			files = (
				F57C3DC31E51A8F500A8480C /* ViewController.m in Sources */,
				F57C3DC01E51A8F500A8480C /* AppDelegate.m in Sources */,
				F57C3DBD1E51A8F500A8480C /* main.m in Sources */,
				F57C3DF11E52F0DB00A8480C /* PRHomeViewController.m in Sources */,
			);
			runOnlyForDeploymentPostprocessing = 0;
		};
		F57C3DCD1E51A8F500A8480C /* Sources */ = {
			isa = PBXSourcesBuildPhase;
			buildActionMask = 2147483647;
			files = (
				F57C3DD61E51A8F500A8480C /* PRHomeModuleTests.m in Sources */,
			);
			runOnlyForDeploymentPostprocessing = 0;
		};
		F57C3DD81E51A8F500A8480C /* Sources */ = {
			isa = PBXSourcesBuildPhase;
			buildActionMask = 2147483647;
			files = (
				F57C3DE11E51A8F500A8480C /* PRHomeModuleUITests.m in Sources */,
			);
			runOnlyForDeploymentPostprocessing = 0;
		};
/* End PBXSourcesBuildPhase section */

/* Begin PBXTargetDependency section */
		F57C3DD31E51A8F500A8480C /* PBXTargetDependency */ = {
			isa = PBXTargetDependency;
			target = F57C3DB71E51A8F500A8480C /* PRHomeModule */;
			targetProxy = F57C3DD21E51A8F500A8480C /* PBXContainerItemProxy */;
		};
		F57C3DDE1E51A8F500A8480C /* PBXTargetDependency */ = {
			isa = PBXTargetDependency;
			target = F57C3DB71E51A8F500A8480C /* PRHomeModule */;
			targetProxy = F57C3DDD1E51A8F500A8480C /* PBXContainerItemProxy */;
		};
/* End PBXTargetDependency section */

/* Begin PBXVariantGroup section */
		F57C3DC41E51A8F500A8480C /* Main.storyboard */ = {
			isa = PBXVariantGroup;
			children = (
				F57C3DC51E51A8F500A8480C /* Base */,
			);
			name = Main.storyboard;
			sourceTree = "<group>";
		};
		F57C3DC91E51A8F500A8480C /* LaunchScreen.storyboard */ = {
			isa = PBXVariantGroup;
			children = (
				F57C3DCA1E51A8F500A8480C /* Base */,
			);
			name = LaunchScreen.storyboard;
			sourceTree = "<group>";
		};
/* End PBXVariantGroup section */

/* Begin XCBuildConfiguration section */
		F57C3DE31E51A8F500A8480C /* Debug */ = {
			isa = XCBuildConfiguration;
			buildSettings = {
				ALWAYS_SEARCH_USER_PATHS = NO;
				CLANG_ANALYZER_NONNULL = YES;
				CLANG_CXX_LANGUAGE_STANDARD = "gnu++0x";
				CLANG_CXX_LIBRARY = "libc++";
				CLANG_ENABLE_MODULES = YES;
				CLANG_ENABLE_OBJC_ARC = YES;
				CLANG_WARN_BOOL_CONVERSION = YES;
				CLANG_WARN_CONSTANT_CONVERSION = YES;
				CLANG_WARN_DIRECT_OBJC_ISA_USAGE = YES_ERROR;
				CLANG_WARN_DOCUMENTATION_COMMENTS = YES;
				CLANG_WARN_EMPTY_BODY = YES;
				CLANG_WARN_ENUM_CONVERSION = YES;
				CLANG_WARN_INFINITE_RECURSION = YES;
				CLANG_WARN_INT_CONVERSION = YES;
				CLANG_WARN_OBJC_ROOT_CLASS = YES_ERROR;
				CLANG_WARN_SUSPICIOUS_MOVES = YES;
				CLANG_WARN_UNREACHABLE_CODE = YES;
				CLANG_WARN__DUPLICATE_METHOD_MATCH = YES;
				"CODE_SIGN_IDENTITY[sdk=iphoneos*]" = "iPhone Developer";
				COPY_PHASE_STRIP = NO;
				DEBUG_INFORMATION_FORMAT = dwarf;
				ENABLE_STRICT_OBJC_MSGSEND = YES;
				ENABLE_TESTABILITY = YES;
				GCC_C_LANGUAGE_STANDARD = gnu99;
				GCC_DYNAMIC_NO_PIC = NO;
				GCC_NO_COMMON_BLOCKS = YES;
				GCC_OPTIMIZATION_LEVEL = 0;
				GCC_PREPROCESSOR_DEFINITIONS = (
					"DEBUG=1",
					"$(inherited)",
				);
				GCC_WARN_64_TO_32_BIT_CONVERSION = YES;
				GCC_WARN_ABOUT_RETURN_TYPE = YES_ERROR;
				GCC_WARN_UNDECLARED_SELECTOR = YES;
				GCC_WARN_UNINITIALIZED_AUTOS = YES_AGGRESSIVE;
				GCC_WARN_UNUSED_FUNCTION = YES;
				GCC_WARN_UNUSED_VARIABLE = YES;
				IPHONEOS_DEPLOYMENT_TARGET = 10.1;
				MTL_ENABLE_DEBUG_INFO = YES;
				ONLY_ACTIVE_ARCH = YES;
				SDKROOT = iphoneos;
			};
			name = Debug;
		};
		F57C3DE41E51A8F500A8480C /* Release */ = {
			isa = XCBuildConfiguration;
			buildSettings = {
				ALWAYS_SEARCH_USER_PATHS = NO;
				CLANG_ANALYZER_NONNULL = YES;
				CLANG_CXX_LANGUAGE_STANDARD = "gnu++0x";
				CLANG_CXX_LIBRARY = "libc++";
				CLANG_ENABLE_MODULES = YES;
				CLANG_ENABLE_OBJC_ARC = YES;
				CLANG_WARN_BOOL_CONVERSION = YES;
				CLANG_WARN_CONSTANT_CONVERSION = YES;
				CLANG_WARN_DIRECT_OBJC_ISA_USAGE = YES_ERROR;
				CLANG_WARN_DOCUMENTATION_COMMENTS = YES;
				CLANG_WARN_EMPTY_BODY = YES;
				CLANG_WARN_ENUM_CONVERSION = YES;
				CLANG_WARN_INFINITE_RECURSION = YES;
				CLANG_WARN_INT_CONVERSION = YES;
				CLANG_WARN_OBJC_ROOT_CLASS = YES_ERROR;
				CLANG_WARN_SUSPICIOUS_MOVES = YES;
				CLANG_WARN_UNREACHABLE_CODE = YES;
				CLANG_WARN__DUPLICATE_METHOD_MATCH = YES;
				"CODE_SIGN_IDENTITY[sdk=iphoneos*]" = "iPhone Developer";
				COPY_PHASE_STRIP = NO;
				DEBUG_INFORMATION_FORMAT = "dwarf-with-dsym";
				ENABLE_NS_ASSERTIONS = NO;
				ENABLE_STRICT_OBJC_MSGSEND = YES;
				GCC_C_LANGUAGE_STANDARD = gnu99;
				GCC_NO_COMMON_BLOCKS = YES;
				GCC_WARN_64_TO_32_BIT_CONVERSION = YES;
				GCC_WARN_ABOUT_RETURN_TYPE = YES_ERROR;
				GCC_WARN_UNDECLARED_SELECTOR = YES;
				GCC_WARN_UNINITIALIZED_AUTOS = YES_AGGRESSIVE;
				GCC_WARN_UNUSED_FUNCTION = YES;
				GCC_WARN_UNUSED_VARIABLE = YES;
				IPHONEOS_DEPLOYMENT_TARGET = 10.1;
				MTL_ENABLE_DEBUG_INFO = NO;
				SDKROOT = iphoneos;
				VALIDATE_PRODUCT = YES;
			};
			name = Release;
		};
		F57C3DE61E51A8F500A8480C /* Debug */ = {
			isa = XCBuildConfiguration;
			buildSettings = {
				ASSETCATALOG_COMPILER_APPICON_NAME = AppIcon;
				DEVELOPMENT_TEAM = 4LPHNA9H37;
				INFOPLIST_FILE = PRHomeModule/Info.plist;
				LD_RUNPATH_SEARCH_PATHS = "$(inherited) @executable_path/Frameworks";
				PRODUCT_BUNDLE_IDENTIFIER = io.github.junne.PRHomeModule;
				PRODUCT_NAME = "$(TARGET_NAME)";
			};
			name = Debug;
		};
		F57C3DE71E51A8F500A8480C /* Release */ = {
			isa = XCBuildConfiguration;
			buildSettings = {
				ASSETCATALOG_COMPILER_APPICON_NAME = AppIcon;
				DEVELOPMENT_TEAM = 4LPHNA9H37;
				INFOPLIST_FILE = PRHomeModule/Info.plist;
				LD_RUNPATH_SEARCH_PATHS = "$(inherited) @executable_path/Frameworks";
				PRODUCT_BUNDLE_IDENTIFIER = io.github.junne.PRHomeModule;
				PRODUCT_NAME = "$(TARGET_NAME)";
			};
			name = Release;
		};
		F57C3DE91E51A8F500A8480C /* Debug */ = {
			isa = XCBuildConfiguration;
			buildSettings = {
				BUNDLE_LOADER = "$(TEST_HOST)";
				DEVELOPMENT_TEAM = 4LPHNA9H37;
				INFOPLIST_FILE = PRHomeModuleTests/Info.plist;
				LD_RUNPATH_SEARCH_PATHS = "$(inherited) @executable_path/Frameworks @loader_path/Frameworks";
				PRODUCT_BUNDLE_IDENTIFIER = io.github.junne.PRHomeModuleTests;
				PRODUCT_NAME = "$(TARGET_NAME)";
				TEST_HOST = "$(BUILT_PRODUCTS_DIR)/PRHomeModule.app/PRHomeModule";
			};
			name = Debug;
		};
		F57C3DEA1E51A8F500A8480C /* Release */ = {
			isa = XCBuildConfiguration;
			buildSettings = {
				BUNDLE_LOADER = "$(TEST_HOST)";
				DEVELOPMENT_TEAM = 4LPHNA9H37;
				INFOPLIST_FILE = PRHomeModuleTests/Info.plist;
				LD_RUNPATH_SEARCH_PATHS = "$(inherited) @executable_path/Frameworks @loader_path/Frameworks";
				PRODUCT_BUNDLE_IDENTIFIER = io.github.junne.PRHomeModuleTests;
				PRODUCT_NAME = "$(TARGET_NAME)";
				TEST_HOST = "$(BUILT_PRODUCTS_DIR)/PRHomeModule.app/PRHomeModule";
			};
			name = Release;
		};
		F57C3DEC1E51A8F500A8480C /* Debug */ = {
			isa = XCBuildConfiguration;
			buildSettings = {
				DEVELOPMENT_TEAM = 4LPHNA9H37;
				INFOPLIST_FILE = PRHomeModuleUITests/Info.plist;
				LD_RUNPATH_SEARCH_PATHS = "$(inherited) @executable_path/Frameworks @loader_path/Frameworks";
				PRODUCT_BUNDLE_IDENTIFIER = io.github.junne.PRHomeModuleUITests;
				PRODUCT_NAME = "$(TARGET_NAME)";
				TEST_TARGET_NAME = PRHomeModule;
			};
			name = Debug;
		};
		F57C3DED1E51A8F500A8480C /* Release */ = {
			isa = XCBuildConfiguration;
			buildSettings = {
				DEVELOPMENT_TEAM = 4LPHNA9H37;
				INFOPLIST_FILE = PRHomeModuleUITests/Info.plist;
				LD_RUNPATH_SEARCH_PATHS = "$(inherited) @executable_path/Frameworks @loader_path/Frameworks";
				PRODUCT_BUNDLE_IDENTIFIER = io.github.junne.PRHomeModuleUITests;
				PRODUCT_NAME = "$(TARGET_NAME)";
				TEST_TARGET_NAME = PRHomeModule;
			};
			name = Release;
		};
/* End XCBuildConfiguration section */

/* Begin XCConfigurationList section */
		F57C3DB31E51A8F500A8480C /* Build configuration list for PBXProject "PRHomeModule" */ = {
			isa = XCConfigurationList;
			buildConfigurations = (
				F57C3DE31E51A8F500A8480C /* Debug */,
				F57C3DE41E51A8F500A8480C /* Release */,
			);
			defaultConfigurationIsVisible = 0;
			defaultConfigurationName = Release;
		};
		F57C3DE51E51A8F500A8480C /* Build configuration list for PBXNativeTarget "PRHomeModule" */ = {
			isa = XCConfigurationList;
			buildConfigurations = (
				F57C3DE61E51A8F500A8480C /* Debug */,
				F57C3DE71E51A8F500A8480C /* Release */,
			);
			defaultConfigurationIsVisible = 0;
		};
		F57C3DE81E51A8F500A8480C /* Build configuration list for PBXNativeTarget "PRHomeModuleTests" */ = {
			isa = XCConfigurationList;
			buildConfigurations = (
				F57C3DE91E51A8F500A8480C /* Debug */,
				F57C3DEA1E51A8F500A8480C /* Release */,
			);
			defaultConfigurationIsVisible = 0;
		};
		F57C3DEB1E51A8F500A8480C /* Build configuration list for PBXNativeTarget "PRHomeModuleUITests" */ = {
			isa = XCConfigurationList;
			buildConfigurations = (
				F57C3DEC1E51A8F500A8480C /* Debug */,
				F57C3DED1E51A8F500A8480C /* Release */,
			);
			defaultConfigurationIsVisible = 0;
		};
/* End XCConfigurationList section */
	};
	rootObject = F57C3DB01E51A8F500A8480C /* Project object */;
}
